
Microsoft Visual Studio Solution File, Format Version 12.00
# Visual Studio Version 16
VisualStudioVersion = 16.0.31105.61
MinimumVisualStudioVersion = 10.0.40219.1
Project("{FAE04EC0-301F-11D3-BF4B-00C04F79EFBC}") = "Entities", "Entities\Entities.csproj", "{B16D7415-365E-4CB6-A0F7-872E57E041BE}"
EndProject
Project("{FAE04EC0-301F-11D3-BF4B-00C04F79EFBC}") = "DataAccess", "DataAccess\DataAccess.csproj", "{D59A0AFA-9EA6-4FFC-A0A3-3E0F20C20D6B}"
EndProject
Project("{FAE04EC0-301F-11D3-BF4B-00C04F79EFBC}") = "Business", "Business\Business.csproj", "{7CEF9677-36BC-4B4F-83EE-357A7B8F880B}"
EndProject
Project("{FAE04EC0-301F-11D3-BF4B-00C04F79EFBC}") = "ConsoleUI", "ConsoleUI\ConsoleUI.csproj", "{BC7A2711-BB1B-4D6F-BBDC-2B733365A8BB}"
EndProject
Global
	GlobalSection(SolutionConfigurationPlatforms) = preSolution
		Debug|Any CPU = Debug|Any CPU
		Release|Any CPU = Release|Any CPU
	EndGlobalSection
	GlobalSection(ProjectConfigurationPlatforms) = postSolution
		{B16D7415-365E-4CB6-A0F7-872E57E041BE}.Debug|Any CPU.ActiveCfg = Debug|Any CPU
		{B16D7415-365E-4CB6-A0F7-872E57E041BE}.Debug|Any CPU.Build.0 = Debug|Any CPU
		{B16D7415-365E-4CB6-A0F7-872E57E041BE}.Release|Any CPU.ActiveCfg = Release|Any CPU
		{B16D7415-365E-4CB6-A0F7-872E57E041BE}.Release|Any CPU.Build.0 = Release|Any CPU
		{D59A0AFA-9EA6-4FFC-A0A3-3E0F20C20D6B}.Debug|Any CPU.ActiveCfg = Debug|Any CPU
		{D59A0AFA-9EA6-4FFC-A0A3-3E0F20C20D6B}.Debug|Any CPU.Build.0 = Debug|Any CPU
		{D59A0AFA-9EA6-4FFC-A0A3-3E0F20C20D6B}.Release|Any CPU.ActiveCfg = Release|Any CPU
		{D59A0AFA-9EA6-4FFC-A0A3-3E0F20C20D6B}.Release|Any CPU.Build.0 = Release|Any CPU
		{7CEF9677-36BC-4B4F-83EE-357A7B8F880B}.Debug|Any CPU.ActiveCfg = Debug|Any CPU
		{7CEF9677-36BC-4B4F-83EE-357A7B8F880B}.Debug|Any CPU.Build.0 = Debug|Any CPU
		{7CEF9677-36BC-4B4F-83EE-357A7B8F880B}.Release|Any CPU.ActiveCfg = Release|Any CPU
		{7CEF9677-36BC-4B4F-83EE-357A7B8F880B}.Release|Any CPU.Build.0 = Release|Any CPU
		{BC7A2711-BB1B-4D6F-BBDC-2B733365A8BB}.Debug|Any CPU.ActiveCfg = Debug|Any CPU
		{BC7A2711-BB1B-4D6F-BBDC-2B733365A8BB}.Debug|Any CPU.Build.0 = Debug|Any CPU
		{BC7A2711-BB1B-4D6F-BBDC-2B733365A8BB}.Release|Any CPU.ActiveCfg = Release|Any CPU
		{BC7A2711-BB1B-4D6F-BBDC-2B733365A8BB}.Release|Any CPU.Build.0 = Release|Any CPU
	EndGlobalSection
	GlobalSection(SolutionProperties) = preSolution
		HideSolutionNode = FALSE
	EndGlobalSection
	GlobalSection(ExtensibilityGlobals) = postSolution
		SolutionGuid = {89F24ECB-235A-49EE-A671-8454FAEDFB80}
	EndGlobalSection
EndGlobal
